
Microsoft Visual Studio Solution File, Format Version 12.00
# Visual Studio Version 17
VisualStudioVersion = 17.0.31903.59
MinimumVisualStudioVersion = 10.0.40219.1
Project("{FAE04EC0-301F-11D3-BF4B-00C04F79EFBC}") = "MyRogulike", "MyRogulike\MyRogulike.csproj", "{5952C72A-BB0E-4E5E-AFC5-223BB5672E4C}"
EndProject
Project("{FAE04EC0-301F-11D3-BF4B-00C04F79EFBC}") = "MyRoguelike", "MyRoguelike\MyRoguelike.csproj", "{9A93E402-C913-4377-BBDD-0F660A1EEE74}"
EndProject
Project("{FAE04EC0-301F-11D3-BF4B-00C04F79EFBC}") = "Chronos", "Chronos\Chronos.csproj", "{826BE748-F357-4BA4-A65E-64D28B486CD0}"
EndProject
Project("{FAE04EC0-301F-11D3-BF4B-00C04F79EFBC}") = "RandomTest", "RandomTest\RandomTest.csproj", "{9381EBFB-314E-4B5C-A864-E1BFEB09FC92}"
EndProject
Project("{FAE04EC0-301F-11D3-BF4B-00C04F79EFBC}") = "RandDice", "RandDice\RandDice.csproj", "{42088F07-B58F-49F8-A14B-EE2B74339F19}"
EndProject
Global
	GlobalSection(SolutionConfigurationPlatforms) = preSolution
		Debug|Any CPU = Debug|Any CPU
		Release|Any CPU = Release|Any CPU
	EndGlobalSection
	GlobalSection(SolutionProperties) = preSolution
		HideSolutionNode = FALSE
	EndGlobalSection
	GlobalSection(ProjectConfigurationPlatforms) = postSolution
		{5952C72A-BB0E-4E5E-AFC5-223BB5672E4C}.Debug|Any CPU.ActiveCfg = Debug|Any CPU
		{5952C72A-BB0E-4E5E-AFC5-223BB5672E4C}.Debug|Any CPU.Build.0 = Debug|Any CPU
		{5952C72A-BB0E-4E5E-AFC5-223BB5672E4C}.Release|Any CPU.ActiveCfg = Release|Any CPU
		{5952C72A-BB0E-4E5E-AFC5-223BB5672E4C}.Release|Any CPU.Build.0 = Release|Any CPU
		{9A93E402-C913-4377-BBDD-0F660A1EEE74}.Debug|Any CPU.ActiveCfg = Debug|Any CPU
		{9A93E402-C913-4377-BBDD-0F660A1EEE74}.Debug|Any CPU.Build.0 = Debug|Any CPU
		{9A93E402-C913-4377-BBDD-0F660A1EEE74}.Release|Any CPU.ActiveCfg = Release|Any CPU
		{9A93E402-C913-4377-BBDD-0F660A1EEE74}.Release|Any CPU.Build.0 = Release|Any CPU
		{826BE748-F357-4BA4-A65E-64D28B486CD0}.Debug|Any CPU.ActiveCfg = Debug|Any CPU
		{826BE748-F357-4BA4-A65E-64D28B486CD0}.Debug|Any CPU.Build.0 = Debug|Any CPU
		{826BE748-F357-4BA4-A65E-64D28B486CD0}.Release|Any CPU.ActiveCfg = Release|Any CPU
		{826BE748-F357-4BA4-A65E-64D28B486CD0}.Release|Any CPU.Build.0 = Release|Any CPU
		{9381EBFB-314E-4B5C-A864-E1BFEB09FC92}.Debug|Any CPU.ActiveCfg = Debug|Any CPU
		{9381EBFB-314E-4B5C-A864-E1BFEB09FC92}.Debug|Any CPU.Build.0 = Debug|Any CPU
		{9381EBFB-314E-4B5C-A864-E1BFEB09FC92}.Release|Any CPU.ActiveCfg = Release|Any CPU
		{9381EBFB-314E-4B5C-A864-E1BFEB09FC92}.Release|Any CPU.Build.0 = Release|Any CPU
		{42088F07-B58F-49F8-A14B-EE2B74339F19}.Debug|Any CPU.ActiveCfg = Debug|Any CPU
		{42088F07-B58F-49F8-A14B-EE2B74339F19}.Debug|Any CPU.Build.0 = Debug|Any CPU
		{42088F07-B58F-49F8-A14B-EE2B74339F19}.Release|Any CPU.ActiveCfg = Release|Any CPU
		{42088F07-B58F-49F8-A14B-EE2B74339F19}.Release|Any CPU.Build.0 = Release|Any CPU
	EndGlobalSection
EndGlobal
